
Microsoft Visual Studio Solution File, Format Version 11.00
# Visual Studio 2010
# SharpDevelop 4.3
Project("{FAE04EC0-301F-11D3-BF4B-00C04F79EFBC}") = "FaultingAppNET", "FaultingAppNET.csproj", "{61EDB270-6880-4FC6-A8FF-6F25E3E28D01}"
EndProject
Global
	GlobalSection(SolutionConfigurationPlatforms) = preSolution
		Debug|Any CPU = Debug|Any CPU
		Release|Any CPU = Release|Any CPU
	EndGlobalSection
	GlobalSection(ProjectConfigurationPlatforms) = postSolution
		{61EDB270-6880-4FC6-A8FF-6F25E3E28D01}.Debug|Any CPU.Build.0 = Debug|Any CPU
		{61EDB270-6880-4FC6-A8FF-6F25E3E28D01}.Debug|Any CPU.ActiveCfg = Debug|Any CPU
		{61EDB270-6880-4FC6-A8FF-6F25E3E28D01}.Release|Any CPU.Build.0 = Release|Any CPU
		{61EDB270-6880-4FC6-A8FF-6F25E3E28D01}.Release|Any CPU.ActiveCfg = Release|Any CPU
	EndGlobalSection
EndGlobal
