<Project xmlns="http://schemas.microsoft.com/developer/msbuild/2003">
  <PropertyGroup>
    <ProjectGuid>{a41b0f22-27e5-4920-9a36-02c5fff6fe2d}</ProjectGuid>
    <MainSource>FaultingApp.dpr</MainSource>
    <Configuration Condition=" '$(Configuration)' == '' ">Debug</Configuration>
    <Platform Condition=" '$(Platform)' == '' ">AnyCPU</Platform>
    <DCC_DCCCompiler>DCC32</DCC_DCCCompiler>
    <DCC_DependencyCheckOutputName>..\..\..\bin\FaultingApp.exe</DCC_DependencyCheckOutputName>
  </PropertyGroup>
  <PropertyGroup Condition=" '$(Configuration)|$(Platform)' == 'Release|AnyCPU' ">
    <Version>7.0</Version>
    <DCC_Alignment>1</DCC_Alignment>
    <DCC_DebugInformation>False</DCC_DebugInformation>
    <DCC_WriteableConstants>True</DCC_WriteableConstants>
    <DCC_LocalDebugSymbols>False</DCC_LocalDebugSymbols>
    <DCC_Optimize>False</DCC_Optimize>
    <DCC_IntegerOverflowCheck>True</DCC_IntegerOverflowCheck>
    <DCC_RangeChecking>True</DCC_RangeChecking>
    <DCC_GenerateStackFrames>True</DCC_GenerateStackFrames>
    <DCC_SymbolReferenceInfo>0</DCC_SymbolReferenceInfo>
    <DCC_MapFile>3</DCC_MapFile>
    <DCC_ExeOutput>..\..\..\bin</DCC_ExeOutput>
    <DCC_DcuOutput>..\..\..\dcu</DCC_DcuOutput>
    <DCC_ObjOutput>..\..\..\dcu</DCC_ObjOutput>
    <DCC_HppOutput>..\..\..\dcu</DCC_HppOutput>
    <DCC_UnitSearchPath>$(DELPHI)\Lib\Debug;C:\DEVELO~1\APPLIC~1\REGIA~1.VIS\libs\JediVCL\JVCL33~1\jcl\lib\d5\debug</DCC_UnitSearchPath>
    <DCC_ResourcePath>$(DELPHI)\Lib\Debug;C:\DEVELO~1\APPLIC~1\REGIA~1.VIS\libs\JediVCL\JVCL33~1\jcl\lib\d5\debug</DCC_ResourcePath>
    <DCC_ObjPath>$(DELPHI)\Lib\Debug;C:\DEVELO~1\APPLIC~1\REGIA~1.VIS\libs\JediVCL\JVCL33~1\jcl\lib\d5\debug</DCC_ObjPath>
    <DCC_IncludePath>$(DELPHI)\Lib\Debug;C:\DEVELO~1\APPLIC~1\REGIA~1.VIS\libs\JediVCL\JVCL33~1\jcl\lib\d5\debug</DCC_IncludePath>
    <DCC_Define>RELEASE</DCC_Define>
  </PropertyGroup>
  <PropertyGroup Condition=" '$(Configuration)|$(Platform)' == 'Debug|AnyCPU' ">
    <Version>7.0</Version>
    <DCC_Alignment>1</DCC_Alignment>
    <DCC_WriteableConstants>True</DCC_WriteableConstants>
    <DCC_Optimize>False</DCC_Optimize>
    <DCC_IntegerOverflowCheck>True</DCC_IntegerOverflowCheck>
    <DCC_RangeChecking>True</DCC_RangeChecking>
    <DCC_GenerateStackFrames>True</DCC_GenerateStackFrames>
    <DCC_SymbolReferenceInfo>2</DCC_SymbolReferenceInfo>
    <DCC_MapFile>3</DCC_MapFile>
    <DCC_ExeOutput>..\..\..\bin</DCC_ExeOutput>
    <DCC_DcuOutput>..\..\..\dcu</DCC_DcuOutput>
    <DCC_ObjOutput>..\..\..\dcu</DCC_ObjOutput>
    <DCC_HppOutput>..\..\..\dcu</DCC_HppOutput>
    <DCC_UnitSearchPath>$(DELPHI)\Lib\Debug</DCC_UnitSearchPath>
    <DCC_ResourcePath>$(DELPHI)\Lib\Debug</DCC_ResourcePath>
    <DCC_ObjPath>$(DELPHI)\Lib\Debug</DCC_ObjPath>
    <DCC_IncludePath>$(DELPHI)\Lib\Debug</DCC_IncludePath>
    <DCC_Define>DEBUG</DCC_Define>
  </PropertyGroup>
  <ProjectExtensions>
    <Borland.Personality>Delphi.Personality</Borland.Personality>
    <Borland.ProjectType>VCLApplication</Borland.ProjectType>
    <BorlandProject>
<BorlandProject><Delphi.Personality><Parameters><Parameters Name="UseLauncher">False</Parameters><Parameters Name="LoadAllSymbols">True</Parameters><Parameters Name="LoadUnspecifiedSymbols">False</Parameters></Parameters><VersionInfo><VersionInfo Name="IncludeVerInfo">True</VersionInfo><VersionInfo Name="AutoIncBuild">True</VersionInfo><VersionInfo Name="MajorVer">1</VersionInfo><VersionInfo Name="MinorVer">0</VersionInfo><VersionInfo Name="Release">2</VersionInfo><VersionInfo Name="Build">11</VersionInfo><VersionInfo Name="Debug">False</VersionInfo><VersionInfo Name="PreRelease">False</VersionInfo><VersionInfo Name="Special">False</VersionInfo><VersionInfo Name="Private">False</VersionInfo><VersionInfo Name="DLL">False</VersionInfo><VersionInfo Name="Locale">1040</VersionInfo><VersionInfo Name="CodePage">1252</VersionInfo></VersionInfo><VersionInfoKeys><VersionInfoKeys Name="CompanyName">Antonio Petricca</VersionInfoKeys><VersionInfoKeys Name="FileDescription">antonio.petricca@gmail.com</VersionInfoKeys><VersionInfoKeys Name="FileVersion">1.0.2.11</VersionInfoKeys><VersionInfoKeys Name="InternalName"></VersionInfoKeys><VersionInfoKeys Name="LegalCopyright"></VersionInfoKeys><VersionInfoKeys Name="LegalTrademarks"></VersionInfoKeys><VersionInfoKeys Name="OriginalFilename"></VersionInfoKeys><VersionInfoKeys Name="ProductName"></VersionInfoKeys><VersionInfoKeys Name="ProductVersion">1.0.0.0</VersionInfoKeys><VersionInfoKeys Name="Comments"></VersionInfoKeys></VersionInfoKeys><Source><Source Name="MainSource">FaultingApp.dpr</Source></Source><Excluded_Packages>
      
      
      <Excluded_Packages Name="$(BDS)\bin\dcloffice2k100.bpl">Microsoft Office 2000 Sample Automation Server Wrapper Components</Excluded_Packages>
      <Excluded_Packages Name="$(BDS)\bin\dclofficexp100.bpl">Microsoft Office XP Sample Automation Server Wrapper Components</Excluded_Packages>
    </Excluded_Packages></Delphi.Personality></BorlandProject></BorlandProject>
  </ProjectExtensions>
  <Import Project="$(MSBuildBinPath)\Borland.Delphi.Targets" />
  <ItemGroup>
    <DelphiCompile Include="FaultingApp.dpr">
      <MainSource>MainSource</MainSource>
    </DelphiCompile>
    <DCCReference Include="ufmFault.pas">
      <Form>fmFault</Form>
    </DCCReference>
  </ItemGroup>
</Project>